
Microsoft Visual Studio Solution File, Format Version 12.00
# Visual Studio Version 16
VisualStudioVersion = 16.0.30711.63
MinimumVisualStudioVersion = 10.0.40219.1
Project("{FAE04EC0-301F-11D3-BF4B-00C04F79EFBC}") = "Lab10_Datatypes_2", "Lab10_Datatypes_2.csproj", "{C595B313-141D-4A51-8F9E-5BA6D2CF934E}"
EndProject
Global
	GlobalSection(SolutionConfigurationPlatforms) = preSolution
		Debug|Any CPU = Debug|Any CPU
		Release|Any CPU = Release|Any CPU
	EndGlobalSection
	GlobalSection(ProjectConfigurationPlatforms) = postSolution
		{C595B313-141D-4A51-8F9E-5BA6D2CF934E}.Debug|Any CPU.ActiveCfg = Debug|Any CPU
		{C595B313-141D-4A51-8F9E-5BA6D2CF934E}.Debug|Any CPU.Build.0 = Debug|Any CPU
		{C595B313-141D-4A51-8F9E-5BA6D2CF934E}.Release|Any CPU.ActiveCfg = Release|Any CPU
		{C595B313-141D-4A51-8F9E-5BA6D2CF934E}.Release|Any CPU.Build.0 = Release|Any CPU
	EndGlobalSection
	GlobalSection(SolutionProperties) = preSolution
		HideSolutionNode = FALSE
	EndGlobalSection
	GlobalSection(ExtensibilityGlobals) = postSolution
		SolutionGuid = {02D3CDB9-F8A4-491F-A9F7-8195F22B0CAF}
	EndGlobalSection
EndGlobal
