
Microsoft Visual Studio Solution File, Format Version 12.00
# Visual Studio Version 16
VisualStudioVersion = 16.0.30621.155
MinimumVisualStudioVersion = 10.0.40219.1
Project("{FAE04EC0-301F-11D3-BF4B-00C04F79EFBC}") = "Lab08_WPF_Intro", "Lab08_WPF_Intro\Lab08_WPF_Intro.csproj", "{0AACA0C1-7246-4CCC-881F-21FCD9FBC70C}"
EndProject
Project("{FAE04EC0-301F-11D3-BF4B-00C04F79EFBC}") = "Lab08B_WPF_intro_grids", "Lab08B_WPF_intro_grids\Lab08B_WPF_intro_grids.csproj", "{FB0A07F4-6592-42EF-95AF-9ABFDE59AF83}"
EndProject
Global
	GlobalSection(SolutionConfigurationPlatforms) = preSolution
		Debug|Any CPU = Debug|Any CPU
		Release|Any CPU = Release|Any CPU
	EndGlobalSection
	GlobalSection(ProjectConfigurationPlatforms) = postSolution
		{0AACA0C1-7246-4CCC-881F-21FCD9FBC70C}.Debug|Any CPU.ActiveCfg = Debug|Any CPU
		{0AACA0C1-7246-4CCC-881F-21FCD9FBC70C}.Debug|Any CPU.Build.0 = Debug|Any CPU
		{0AACA0C1-7246-4CCC-881F-21FCD9FBC70C}.Release|Any CPU.ActiveCfg = Release|Any CPU
		{0AACA0C1-7246-4CCC-881F-21FCD9FBC70C}.Release|Any CPU.Build.0 = Release|Any CPU
		{FB0A07F4-6592-42EF-95AF-9ABFDE59AF83}.Debug|Any CPU.ActiveCfg = Debug|Any CPU
		{FB0A07F4-6592-42EF-95AF-9ABFDE59AF83}.Debug|Any CPU.Build.0 = Debug|Any CPU
		{FB0A07F4-6592-42EF-95AF-9ABFDE59AF83}.Release|Any CPU.ActiveCfg = Release|Any CPU
		{FB0A07F4-6592-42EF-95AF-9ABFDE59AF83}.Release|Any CPU.Build.0 = Release|Any CPU
	EndGlobalSection
	GlobalSection(SolutionProperties) = preSolution
		HideSolutionNode = FALSE
	EndGlobalSection
	GlobalSection(ExtensibilityGlobals) = postSolution
		SolutionGuid = {41E59250-F41F-43FC-98C3-09452F7179C7}
	EndGlobalSection
EndGlobal
