
Microsoft Visual Studio Solution File, Format Version 12.00
# Visual Studio Version 16
VisualStudioVersion = 16.0.30621.155
MinimumVisualStudioVersion = 10.0.40219.1
Project("{FAE04EC0-301F-11D3-BF4B-00C04F79EFBC}") = "Lab06_arrays_and_strings", "Lab06_arrays_and_strings\Lab06_arrays_and_strings.csproj", "{244A632D-D625-4241-9E2B-F162B607A6EC}"
EndProject
Global
	GlobalSection(SolutionConfigurationPlatforms) = preSolution
		Debug|Any CPU = Debug|Any CPU
		Release|Any CPU = Release|Any CPU
	EndGlobalSection
	GlobalSection(ProjectConfigurationPlatforms) = postSolution
		{244A632D-D625-4241-9E2B-F162B607A6EC}.Debug|Any CPU.ActiveCfg = Debug|Any CPU
		{244A632D-D625-4241-9E2B-F162B607A6EC}.Debug|Any CPU.Build.0 = Debug|Any CPU
		{244A632D-D625-4241-9E2B-F162B607A6EC}.Release|Any CPU.ActiveCfg = Release|Any CPU
		{244A632D-D625-4241-9E2B-F162B607A6EC}.Release|Any CPU.Build.0 = Release|Any CPU
	EndGlobalSection
	GlobalSection(SolutionProperties) = preSolution
		HideSolutionNode = FALSE
	EndGlobalSection
	GlobalSection(ExtensibilityGlobals) = postSolution
		SolutionGuid = {B3ACC0DD-7780-4F23-9E80-B843C072A583}
	EndGlobalSection
EndGlobal
