
Microsoft Visual Studio Solution File, Format Version 12.00
# Visual Studio Version 16
VisualStudioVersion = 16.0.30621.155
MinimumVisualStudioVersion = 10.0.40219.1
Project("{FAE04EC0-301F-11D3-BF4B-00C04F79EFBC}") = "Lab_02_DataTypes_1", "Lab_02_DataTypes_1\Lab_02_DataTypes_1.csproj", "{C5E402F7-724A-4F43-AA23-508A2D3FDB5D}"
EndProject
Global
	GlobalSection(SolutionConfigurationPlatforms) = preSolution
		Debug|Any CPU = Debug|Any CPU
		Release|Any CPU = Release|Any CPU
	EndGlobalSection
	GlobalSection(ProjectConfigurationPlatforms) = postSolution
		{C5E402F7-724A-4F43-AA23-508A2D3FDB5D}.Debug|Any CPU.ActiveCfg = Debug|Any CPU
		{C5E402F7-724A-4F43-AA23-508A2D3FDB5D}.Debug|Any CPU.Build.0 = Debug|Any CPU
		{C5E402F7-724A-4F43-AA23-508A2D3FDB5D}.Release|Any CPU.ActiveCfg = Release|Any CPU
		{C5E402F7-724A-4F43-AA23-508A2D3FDB5D}.Release|Any CPU.Build.0 = Release|Any CPU
	EndGlobalSection
	GlobalSection(SolutionProperties) = preSolution
		HideSolutionNode = FALSE
	EndGlobalSection
	GlobalSection(ExtensibilityGlobals) = postSolution
		SolutionGuid = {021901E5-8313-42E3-87A7-09EAAF5007BB}
	EndGlobalSection
EndGlobal
